
Microsoft Visual Studio Solution File, Format Version 12.00
# Visual Studio Version 17
VisualStudioVersion = 17.11.35303.130
MinimumVisualStudioVersion = 10.0.40219.1
Project("{9A19103F-16F7-4668-BE54-9A1E7A4F7556}") = "MenuV04", "MenuV04\MenuV04.csproj", "{FF9610BF-2187-48E2-B353-99050996701E}"
EndProject
Global
	GlobalSection(SolutionConfigurationPlatforms) = preSolution
		Debug|Any CPU = Debug|Any CPU
		Release|Any CPU = Release|Any CPU
	EndGlobalSection
	GlobalSection(ProjectConfigurationPlatforms) = postSolution
		{FF9610BF-2187-48E2-B353-99050996701E}.Debug|Any CPU.ActiveCfg = Debug|Any CPU
		{FF9610BF-2187-48E2-B353-99050996701E}.Debug|Any CPU.Build.0 = Debug|Any CPU
		{FF9610BF-2187-48E2-B353-99050996701E}.Release|Any CPU.ActiveCfg = Release|Any CPU
		{FF9610BF-2187-48E2-B353-99050996701E}.Release|Any CPU.Build.0 = Release|Any CPU
	EndGlobalSection
	GlobalSection(SolutionProperties) = preSolution
		HideSolutionNode = FALSE
	EndGlobalSection
	GlobalSection(ExtensibilityGlobals) = postSolution
		SolutionGuid = {4DBF08ED-FB04-43FB-8042-171240D43748}
	EndGlobalSection
EndGlobal
